
Microsoft Visual Studio Solution File, Format Version 12.00
# Visual Studio 2013
VisualStudioVersion = 12.0.40629.0
MinimumVisualStudioVersion = 10.0.40219.1
Project("{8BC9CEB8-8B4A-11D0-8D11-00A0C91BC942}") = "scxmlcc", "scxmlcc\scxmlcc.vcxproj", "{5C63C1CA-F1D4-4BAB-A920-7A1CD875E744}"
EndProject
Project("{8BC9CEB8-8B4A-11D0-8D11-00A0C91BC942}") = "timer_switch", "timer_switch\timer_switch.vcxproj", "{B7056D15-DB41-4A44-9681-4B46975FE3A0}"
	ProjectSection(ProjectDependencies) = postProject
		{5C63C1CA-F1D4-4BAB-A920-7A1CD875E744} = {5C63C1CA-F1D4-4BAB-A920-7A1CD875E744}
	EndProjectSection
EndProject
Project("{8BC9CEB8-8B4A-11D0-8D11-00A0C91BC942}") = "hello_world", "hello_world\hello_world.vcxproj", "{CEFA5492-EE1C-41A6-BE5F-A1F08D9D686E}"
	ProjectSection(ProjectDependencies) = postProject
		{5C63C1CA-F1D4-4BAB-A920-7A1CD875E744} = {5C63C1CA-F1D4-4BAB-A920-7A1CD875E744}
	EndProjectSection
EndProject
Project("{8BC9CEB8-8B4A-11D0-8D11-00A0C91BC942}") = "microwave", "microwave\microwave.vcxproj", "{2C9C2DBD-EE10-44E1-B1ED-E2E138C2DE3C}"
	ProjectSection(ProjectDependencies) = postProject
		{5C63C1CA-F1D4-4BAB-A920-7A1CD875E744} = {5C63C1CA-F1D4-4BAB-A920-7A1CD875E744}
	EndProjectSection
EndProject
Project("{8BC9CEB8-8B4A-11D0-8D11-00A0C91BC942}") = "vending_machine", "vending_machine\vending_machine.vcxproj", "{52086BE9-BC30-459C-9FE5-51E65D0D430C}"
	ProjectSection(ProjectDependencies) = postProject
		{5C63C1CA-F1D4-4BAB-A920-7A1CD875E744} = {5C63C1CA-F1D4-4BAB-A920-7A1CD875E744}
	EndProjectSection
EndProject
Project("{8BC9CEB8-8B4A-11D0-8D11-00A0C91BC942}") = "test", "test\test.vcxproj", "{8D5AB561-7C2D-430C-A5BD-6E156F005B86}"
	ProjectSection(ProjectDependencies) = postProject
		{BB9FD26B-FA51-4137-A90B-AE7161560B54} = {BB9FD26B-FA51-4137-A90B-AE7161560B54}
		{5C63C1CA-F1D4-4BAB-A920-7A1CD875E744} = {5C63C1CA-F1D4-4BAB-A920-7A1CD875E744}
	EndProjectSection
EndProject
Project("{8BC9CEB8-8B4A-11D0-8D11-00A0C91BC942}") = "gtest", "gtest\gtest.vcxproj", "{BB9FD26B-FA51-4137-A90B-AE7161560B54}"
EndProject
Global
	GlobalSection(SolutionConfigurationPlatforms) = preSolution
		Debug|Win32 = Debug|Win32
		Release|Win32 = Release|Win32
	EndGlobalSection
	GlobalSection(ProjectConfigurationPlatforms) = postSolution
		{5C63C1CA-F1D4-4BAB-A920-7A1CD875E744}.Debug|Win32.ActiveCfg = Debug|Win32
		{5C63C1CA-F1D4-4BAB-A920-7A1CD875E744}.Debug|Win32.Build.0 = Debug|Win32
		{5C63C1CA-F1D4-4BAB-A920-7A1CD875E744}.Release|Win32.ActiveCfg = Release|Win32
		{5C63C1CA-F1D4-4BAB-A920-7A1CD875E744}.Release|Win32.Build.0 = Release|Win32
		{B7056D15-DB41-4A44-9681-4B46975FE3A0}.Debug|Win32.ActiveCfg = Debug|Win32
		{B7056D15-DB41-4A44-9681-4B46975FE3A0}.Debug|Win32.Build.0 = Debug|Win32
		{B7056D15-DB41-4A44-9681-4B46975FE3A0}.Release|Win32.ActiveCfg = Release|Win32
		{B7056D15-DB41-4A44-9681-4B46975FE3A0}.Release|Win32.Build.0 = Release|Win32
		{CEFA5492-EE1C-41A6-BE5F-A1F08D9D686E}.Debug|Win32.ActiveCfg = Debug|Win32
		{CEFA5492-EE1C-41A6-BE5F-A1F08D9D686E}.Debug|Win32.Build.0 = Debug|Win32
		{CEFA5492-EE1C-41A6-BE5F-A1F08D9D686E}.Release|Win32.ActiveCfg = Release|Win32
		{CEFA5492-EE1C-41A6-BE5F-A1F08D9D686E}.Release|Win32.Build.0 = Release|Win32
		{2C9C2DBD-EE10-44E1-B1ED-E2E138C2DE3C}.Debug|Win32.ActiveCfg = Debug|Win32
		{2C9C2DBD-EE10-44E1-B1ED-E2E138C2DE3C}.Debug|Win32.Build.0 = Debug|Win32
		{2C9C2DBD-EE10-44E1-B1ED-E2E138C2DE3C}.Release|Win32.ActiveCfg = Release|Win32
		{2C9C2DBD-EE10-44E1-B1ED-E2E138C2DE3C}.Release|Win32.Build.0 = Release|Win32
		{52086BE9-BC30-459C-9FE5-51E65D0D430C}.Debug|Win32.ActiveCfg = Debug|Win32
		{52086BE9-BC30-459C-9FE5-51E65D0D430C}.Debug|Win32.Build.0 = Debug|Win32
		{52086BE9-BC30-459C-9FE5-51E65D0D430C}.Release|Win32.ActiveCfg = Release|Win32
		{52086BE9-BC30-459C-9FE5-51E65D0D430C}.Release|Win32.Build.0 = Release|Win32
		{8D5AB561-7C2D-430C-A5BD-6E156F005B86}.Debug|Win32.ActiveCfg = Debug|Win32
		{8D5AB561-7C2D-430C-A5BD-6E156F005B86}.Debug|Win32.Build.0 = Debug|Win32
		{8D5AB561-7C2D-430C-A5BD-6E156F005B86}.Release|Win32.ActiveCfg = Release|Win32
		{8D5AB561-7C2D-430C-A5BD-6E156F005B86}.Release|Win32.Build.0 = Release|Win32
		{BB9FD26B-FA51-4137-A90B-AE7161560B54}.Debug|Win32.ActiveCfg = Debug|Win32
		{BB9FD26B-FA51-4137-A90B-AE7161560B54}.Debug|Win32.Build.0 = Debug|Win32
		{BB9FD26B-FA51-4137-A90B-AE7161560B54}.Release|Win32.ActiveCfg = Release|Win32
		{BB9FD26B-FA51-4137-A90B-AE7161560B54}.Release|Win32.Build.0 = Release|Win32
	EndGlobalSection
	GlobalSection(SolutionProperties) = preSolution
		HideSolutionNode = FALSE
	EndGlobalSection
EndGlobal
